
Microsoft Visual Studio Solution File, Format Version 12.00
# Visual Studio Version 17
VisualStudioVersion = 17.5.002.0
MinimumVisualStudioVersion = 10.0.40219.1
Project("{9A19103F-16F7-4668-BE54-9A1E7A4F7556}") = "Debug101", "Debug101.csproj", "{AB45BF6A-305E-42E1-B516-B819BA44F8DD}"
EndProject
Global
	GlobalSection(SolutionConfigurationPlatforms) = preSolution
		Debug|Any CPU = Debug|Any CPU
		Release|Any CPU = Release|Any CPU
	EndGlobalSection
	GlobalSection(ProjectConfigurationPlatforms) = postSolution
		{AB45BF6A-305E-42E1-B516-B819BA44F8DD}.Debug|Any CPU.ActiveCfg = Debug|Any CPU
		{AB45BF6A-305E-42E1-B516-B819BA44F8DD}.Debug|Any CPU.Build.0 = Debug|Any CPU
		{AB45BF6A-305E-42E1-B516-B819BA44F8DD}.Release|Any CPU.ActiveCfg = Release|Any CPU
		{AB45BF6A-305E-42E1-B516-B819BA44F8DD}.Release|Any CPU.Build.0 = Release|Any CPU
	EndGlobalSection
	GlobalSection(SolutionProperties) = preSolution
		HideSolutionNode = FALSE
	EndGlobalSection
	GlobalSection(ExtensibilityGlobals) = postSolution
		SolutionGuid = {F933DA81-F1D4-445F-80E7-4BE61A3A378D}
	EndGlobalSection
EndGlobal
