
Microsoft Visual Studio Solution File, Format Version 12.00
# Visual Studio Version 17
VisualStudioVersion = 17.5.002.0
MinimumVisualStudioVersion = 10.0.40219.1
Project("{9A19103F-16F7-4668-BE54-9A1E7A4F7556}") = "Expressions", "Expressions.csproj", "{FA6D7B89-543C-4904-932C-07E05D5AA653}"
EndProject
Global
	GlobalSection(SolutionConfigurationPlatforms) = preSolution
		Debug|Any CPU = Debug|Any CPU
		Release|Any CPU = Release|Any CPU
	EndGlobalSection
	GlobalSection(ProjectConfigurationPlatforms) = postSolution
		{FA6D7B89-543C-4904-932C-07E05D5AA653}.Debug|Any CPU.ActiveCfg = Debug|Any CPU
		{FA6D7B89-543C-4904-932C-07E05D5AA653}.Debug|Any CPU.Build.0 = Debug|Any CPU
		{FA6D7B89-543C-4904-932C-07E05D5AA653}.Release|Any CPU.ActiveCfg = Release|Any CPU
		{FA6D7B89-543C-4904-932C-07E05D5AA653}.Release|Any CPU.Build.0 = Release|Any CPU
	EndGlobalSection
	GlobalSection(SolutionProperties) = preSolution
		HideSolutionNode = FALSE
	EndGlobalSection
	GlobalSection(ExtensibilityGlobals) = postSolution
		SolutionGuid = {D0561FEE-44C7-41AD-BE78-0848EBA02FE3}
	EndGlobalSection
EndGlobal
