
Microsoft Visual Studio Solution File, Format Version 12.00
# Visual Studio Version 17
VisualStudioVersion = 17.5.002.0
MinimumVisualStudioVersion = 10.0.40219.1
Project("{9A19103F-16F7-4668-BE54-9A1E7A4F7556}") = "Final", "Final\Final.csproj", "{0AF0DB77-8151-41C2-9DC0-3F54E21A7F48}"
EndProject
Project("{9A19103F-16F7-4668-BE54-9A1E7A4F7556}") = "Starter", "Starter\Starter.csproj", "{0F0E3577-E7A5-484A-B4CB-A0CD1558E999}"
EndProject
Global
	GlobalSection(SolutionConfigurationPlatforms) = preSolution
		Debug|Any CPU = Debug|Any CPU
		Release|Any CPU = Release|Any CPU
	EndGlobalSection
	GlobalSection(ProjectConfigurationPlatforms) = postSolution
		{0AF0DB77-8151-41C2-9DC0-3F54E21A7F48}.Debug|Any CPU.ActiveCfg = Debug|Any CPU
		{0AF0DB77-8151-41C2-9DC0-3F54E21A7F48}.Debug|Any CPU.Build.0 = Debug|Any CPU
		{0AF0DB77-8151-41C2-9DC0-3F54E21A7F48}.Release|Any CPU.ActiveCfg = Release|Any CPU
		{0AF0DB77-8151-41C2-9DC0-3F54E21A7F48}.Release|Any CPU.Build.0 = Release|Any CPU
		{0F0E3577-E7A5-484A-B4CB-A0CD1558E999}.Debug|Any CPU.ActiveCfg = Debug|Any CPU
		{0F0E3577-E7A5-484A-B4CB-A0CD1558E999}.Debug|Any CPU.Build.0 = Debug|Any CPU
		{0F0E3577-E7A5-484A-B4CB-A0CD1558E999}.Release|Any CPU.ActiveCfg = Release|Any CPU
		{0F0E3577-E7A5-484A-B4CB-A0CD1558E999}.Release|Any CPU.Build.0 = Release|Any CPU
	EndGlobalSection
	GlobalSection(SolutionProperties) = preSolution
		HideSolutionNode = FALSE
	EndGlobalSection
	GlobalSection(ExtensibilityGlobals) = postSolution
		SolutionGuid = {1DAF2CFC-C5B9-4B0C-8E63-237FD97760D4}
	EndGlobalSection
EndGlobal
